
Microsoft Visual Studio Solution File, Format Version 12.00
# Visual Studio 15
VisualStudioVersion = 15.0.28307.1800
MinimumVisualStudioVersion = 10.0.40219.1
Project("{FAE04EC0-301F-11D3-BF4B-00C04F79EFBC}") = "demo2", "demo2\demo2.csproj", "{1BE8EBC2-38CB-4779-AFFD-57BC059796DF}"
EndProject
Global
	GlobalSection(SolutionConfigurationPlatforms) = preSolution
		Debug|Any CPU = Debug|Any CPU
		Release|Any CPU = Release|Any CPU
	EndGlobalSection
	GlobalSection(ProjectConfigurationPlatforms) = postSolution
		{1BE8EBC2-38CB-4779-AFFD-57BC059796DF}.Debug|Any CPU.ActiveCfg = Debug|Any CPU
		{1BE8EBC2-38CB-4779-AFFD-57BC059796DF}.Debug|Any CPU.Build.0 = Debug|Any CPU
		{1BE8EBC2-38CB-4779-AFFD-57BC059796DF}.Release|Any CPU.ActiveCfg = Release|Any CPU
		{1BE8EBC2-38CB-4779-AFFD-57BC059796DF}.Release|Any CPU.Build.0 = Release|Any CPU
	EndGlobalSection
	GlobalSection(SolutionProperties) = preSolution
		HideSolutionNode = FALSE
	EndGlobalSection
	GlobalSection(ExtensibilityGlobals) = postSolution
		SolutionGuid = {E62C562C-5D0E-4511-B180-836B80131EDB}
	EndGlobalSection
EndGlobal
